
Microsoft Visual Studio Solution File, Format Version 12.00
# Visual Studio Version 16
VisualStudioVersion = 16.0.30523.141
MinimumVisualStudioVersion = 10.0.40219.1
Project("{FAE04EC0-301F-11D3-BF4B-00C04F79EFBC}") = "grupp22_projekt", "grupp22_projekt.csproj", "{0F7A1F1A-7B15-4FF9-83C2-F85F5CA84739}"
EndProject
Project("{FAE04EC0-301F-11D3-BF4B-00C04F79EFBC}") = "DAL", "DAL\DAL.csproj", "{8C34C8B7-991A-4698-A12B-A9499A926443}"
EndProject
Project("{FAE04EC0-301F-11D3-BF4B-00C04F79EFBC}") = "BL", "BL\BL.csproj", "{CF9CDD40-D78E-4532-8876-9D7E3A674D59}"
EndProject
Project("{FAE04EC0-301F-11D3-BF4B-00C04F79EFBC}") = "Models", "Models\Models.csproj", "{2083DDBD-5FB0-4496-B558-D19F57B61F2E}"
EndProject
Global
	GlobalSection(SolutionConfigurationPlatforms) = preSolution
		Debug|Any CPU = Debug|Any CPU
		Release|Any CPU = Release|Any CPU
	EndGlobalSection
	GlobalSection(ProjectConfigurationPlatforms) = postSolution
		{0F7A1F1A-7B15-4FF9-83C2-F85F5CA84739}.Debug|Any CPU.ActiveCfg = Debug|Any CPU
		{0F7A1F1A-7B15-4FF9-83C2-F85F5CA84739}.Debug|Any CPU.Build.0 = Debug|Any CPU
		{0F7A1F1A-7B15-4FF9-83C2-F85F5CA84739}.Release|Any CPU.ActiveCfg = Release|Any CPU
		{0F7A1F1A-7B15-4FF9-83C2-F85F5CA84739}.Release|Any CPU.Build.0 = Release|Any CPU
		{8C34C8B7-991A-4698-A12B-A9499A926443}.Debug|Any CPU.ActiveCfg = Debug|Any CPU
		{8C34C8B7-991A-4698-A12B-A9499A926443}.Debug|Any CPU.Build.0 = Debug|Any CPU
		{8C34C8B7-991A-4698-A12B-A9499A926443}.Release|Any CPU.ActiveCfg = Release|Any CPU
		{8C34C8B7-991A-4698-A12B-A9499A926443}.Release|Any CPU.Build.0 = Release|Any CPU
		{CF9CDD40-D78E-4532-8876-9D7E3A674D59}.Debug|Any CPU.ActiveCfg = Debug|Any CPU
		{CF9CDD40-D78E-4532-8876-9D7E3A674D59}.Debug|Any CPU.Build.0 = Debug|Any CPU
		{CF9CDD40-D78E-4532-8876-9D7E3A674D59}.Release|Any CPU.ActiveCfg = Release|Any CPU
		{CF9CDD40-D78E-4532-8876-9D7E3A674D59}.Release|Any CPU.Build.0 = Release|Any CPU
		{2083DDBD-5FB0-4496-B558-D19F57B61F2E}.Debug|Any CPU.ActiveCfg = Debug|Any CPU
		{2083DDBD-5FB0-4496-B558-D19F57B61F2E}.Debug|Any CPU.Build.0 = Debug|Any CPU
		{2083DDBD-5FB0-4496-B558-D19F57B61F2E}.Release|Any CPU.ActiveCfg = Release|Any CPU
		{2083DDBD-5FB0-4496-B558-D19F57B61F2E}.Release|Any CPU.Build.0 = Release|Any CPU
	EndGlobalSection
	GlobalSection(SolutionProperties) = preSolution
		HideSolutionNode = FALSE
	EndGlobalSection
	GlobalSection(ExtensibilityGlobals) = postSolution
		SolutionGuid = {00FDD489-F992-462A-AF1B-87565A00DDBE}
	EndGlobalSection
EndGlobal
